PODS:
  - AppAuth (1.7.6):
    - AppAuth/Core (= 1.7.6)
    - AppAuth/ExternalUserAgent (= 1.7.6)
  - AppAuth/Core (1.7.6)
  - AppAuth/ExternalUserAgent (1.7.6):
    - AppAuth/Core
  - audioplayers_darwin (0.0.1):
    - Flutter
  - fast_contacts (0.0.1):
    - Flutter
  - FBAEMKit (17.1.0):
    - FBSDKCoreKit_Basics (= 17.1.0)
  - FBSDKCoreKit (17.1.0):
    - FBAEMKit (= 17.1.0)
    - FBSDKCoreKit_Basics (= 17.1.0)
  - FBSDKCoreKit_Basics (17.1.0)
  - FBSDKLoginKit (17.1.0):
    - FBSDKCoreKit (= 17.1.0)
  - Firebase/Auth (11.7.0):
    - Firebase/CoreOnly
    - FirebaseAuth (~> 11.7.0)
  - Firebase/CoreOnly (11.7.0):
    - FirebaseCore (~> 11.7.0)
  - firebase_auth (5.4.2):
    - Firebase/Auth (= 11.7.0)
    - firebase_core
    - Flutter
  - firebase_core (3.11.0):
    - Firebase/CoreOnly (= 11.7.0)
    - Flutter
  - FirebaseAppCheckInterop (11.8.0)
  - FirebaseAuth (11.7.0):
    - FirebaseAppCheckInterop (~> 11.0)
    - FirebaseAuthInterop (~> 11.0)
    - FirebaseCore (~> 11.7.0)
    - FirebaseCoreExtension (~> 11.7.0)
    - GoogleUtilities/AppDelegateSwizzler (~> 8.0)
    - GoogleUtilities/Environment (~> 8.0)
    - GTMSessionFetcher/Core (< 5.0, >= 3.4)
    - RecaptchaInterop (~> 100.0)
  - FirebaseAuthInterop (11.8.0)
  - FirebaseCore (11.7.0):
    - FirebaseCoreInternal (~> 11.7.0)
    - GoogleUtilities/Environment (~> 8.0)
    - GoogleUtilities/Logger (~> 8.0)
  - FirebaseCoreExtension (11.7.0):
    - FirebaseCore (~> 11.7.0)
  - FirebaseCoreInternal (11.7.0):
    - "GoogleUtilities/NSData+zlib (~> 8.0)"
  - Flutter (1.0.0)
  - flutter_facebook_auth (7.1.1):
    - FBSDKLoginKit (~> 17.1.0)
    - Flutter
  - flutter_local_notifications (0.0.1):
    - Flutter
  - flutter_secure_storage (6.0.0):
    - Flutter
  - flutter_timezone (0.0.1):
    - Flutter
  - google_sign_in_ios (0.0.1):
    - AppAuth (>= 1.7.4)
    - Flutter
    - FlutterMacOS
    - GoogleSignIn (~> 7.1)
    - GTMSessionFetcher (>= 3.4.0)
  - GoogleDataTransport (10.1.0):
    - nanopb (~> 3.30910.0)
    - PromisesObjC (~> 2.4)
  - GoogleMLKit/BarcodeScanning (7.0.0):
    - GoogleMLKit/MLKitCore
    - MLKitBarcodeScanning (~> 6.0.0)
  - GoogleMLKit/MLKitCore (7.0.0):
    - MLKitCommon (~> 12.0.0)
  - GoogleSignIn (7.1.0):
    - AppAuth (< 2.0, >= 1.7.3)
    - GTMAppAuth (< 5.0, >= 4.1.1)
    - GTMSessionFetcher/Core (~> 3.3)
  - GoogleToolboxForMac/Defines (4.2.1)
  - GoogleToolboxForMac/Logger (4.2.1):
    - GoogleToolboxForMac/Defines (= 4.2.1)
  - "GoogleToolboxForMac/NSData+zlib (4.2.1)":
    - GoogleToolboxForMac/Defines (= 4.2.1)
  - GoogleUtilities/AppDelegateSwizzler (8.0.2):
    - GoogleUtilities/Environment
    - GoogleUtilities/Logger
    - GoogleUtilities/Network
    - GoogleUtilities/Privacy
  - GoogleUtilities/Environment (8.0.2):
    - GoogleUtilities/Privacy
  - GoogleUtilities/Logger (8.0.2):
    - GoogleUtilities/Environment
    - GoogleUtilities/Privacy
  - GoogleUtilities/Network (8.0.2):
    - GoogleUtilities/Logger
    - "GoogleUtilities/NSData+zlib"
    - GoogleUtilities/Privacy
    - GoogleUtilities/Reachability
  - "GoogleUtilities/NSData+zlib (8.0.2)":
    - GoogleUtilities/Privacy
  - GoogleUtilities/Privacy (8.0.2)
  - GoogleUtilities/Reachability (8.0.2):
    - GoogleUtilities/Logger
    - GoogleUtilities/Privacy
  - GoogleUtilities/UserDefaults (8.0.2):
    - GoogleUtilities/Logger
    - GoogleUtilities/Privacy
  - GTMAppAuth (4.1.1):
    - AppAuth/Core (~> 1.7)
    - GTMSessionFetcher/Core (< 4.0, >= 3.3)
  - GTMSessionFetcher (3.5.0):
    - GTMSessionFetcher/Full (= 3.5.0)
  - GTMSessionFetcher/Core (3.5.0)
  - GTMSessionFetcher/Full (3.5.0):
    - GTMSessionFetcher/Core
  - integration_test (0.0.1):
    - Flutter
  - MLImage (1.0.0-beta6)
  - MLKitBarcodeScanning (6.0.0):
    - MLKitCommon (~> 12.0)
    - MLKitVision (~> 8.0)
  - MLKitCommon (12.0.0):
    - GoogleDataTransport (~> 10.0)
    - GoogleToolboxForMac/Logger (< 5.0, >= 4.2.1)
    - "GoogleToolboxForMac/NSData+zlib (< 5.0, >= 4.2.1)"
    - GoogleUtilities/Logger (~> 8.0)
    - GoogleUtilities/UserDefaults (~> 8.0)
    - GTMSessionFetcher/Core (< 4.0, >= 3.3.2)
  - MLKitVision (8.0.0):
    - GoogleToolboxForMac/Logger (< 5.0, >= 4.2.1)
    - "GoogleToolboxForMac/NSData+zlib (< 5.0, >= 4.2.1)"
    - GTMSessionFetcher/Core (< 4.0, >= 3.3.2)
    - MLImage (= 1.0.0-beta6)
    - MLKitCommon (~> 12.0)
  - mobile_scanner (6.0.2):
    - Flutter
    - GoogleMLKit/BarcodeScanning (~> 7.0.0)
  - nanopb (3.30910.0):
    - nanopb/decode (= 3.30910.0)
    - nanopb/encode (= 3.30910.0)
  - nanopb/decode (3.30910.0)
  - nanopb/encode (3.30910.0)
  - package_info_plus (0.4.5):
    - Flutter
  - path_provider_foundation (0.0.1):
    - Flutter
    - FlutterMacOS
  - permission_handler_apple (9.3.0):
    - Flutter
  - PromisesObjC (2.4.0)
  - RecaptchaInterop (100.0.0)
  - shared_preferences_foundation (0.0.1):
    - Flutter
    - FlutterMacOS
  - sign_in_with_apple (0.0.1):
    - Flutter
  - sqflite_darwin (0.0.4):
    - Flutter
    - FlutterMacOS
  - url_launcher_ios (0.0.1):
    - Flutter
  - wakelock_plus (0.0.1):
    - Flutter

DEPENDENCIES:
  - audioplayers_darwin (from `.symlinks/plugins/audioplayers_darwin/ios`)
  - fast_contacts (from `.symlinks/plugins/fast_contacts/ios`)
  - firebase_auth (from `.symlinks/plugins/firebase_auth/ios`)
  - firebase_core (from `.symlinks/plugins/firebase_core/ios`)
  - Flutter (from `Flutter`)
  - flutter_facebook_auth (from `.symlinks/plugins/flutter_facebook_auth/ios`)
  - flutter_local_notifications (from `.symlinks/plugins/flutter_local_notifications/ios`)
  - flutter_secure_storage (from `.symlinks/plugins/flutter_secure_storage/ios`)
  - flutter_timezone (from `.symlinks/plugins/flutter_timezone/ios`)
  - google_sign_in_ios (from `.symlinks/plugins/google_sign_in_ios/darwin`)
  - integration_test (from `.symlinks/plugins/integration_test/ios`)
  - mobile_scanner (from `.symlinks/plugins/mobile_scanner/ios`)
  - package_info_plus (from `.symlinks/plugins/package_info_plus/ios`)
  - path_provider_foundation (from `.symlinks/plugins/path_provider_foundation/darwin`)
  - permission_handler_apple (from `.symlinks/plugins/permission_handler_apple/ios`)
  - shared_preferences_foundation (from `.symlinks/plugins/shared_preferences_foundation/darwin`)
  - sign_in_with_apple (from `.symlinks/plugins/sign_in_with_apple/ios`)
  - sqflite_darwin (from `.symlinks/plugins/sqflite_darwin/darwin`)
  - url_launcher_ios (from `.symlinks/plugins/url_launcher_ios/ios`)
  - wakelock_plus (from `.symlinks/plugins/wakelock_plus/ios`)

SPEC REPOS:
  trunk:
    - AppAuth
    - FBAEMKit
    - FBSDKCoreKit
    - FBSDKCoreKit_Basics
    - FBSDKLoginKit
    - Firebase
    - FirebaseAppCheckInterop
    - FirebaseAuth
    - FirebaseAuthInterop
    - FirebaseCore
    - FirebaseCoreExtension
    - FirebaseCoreInternal
    - GoogleDataTransport
    - GoogleMLKit
    - GoogleSignIn
    - GoogleToolboxForMac
    - GoogleUtilities
    - GTMAppAuth
    - GTMSessionFetcher
    - MLImage
    - MLKitBarcodeScanning
    - MLKitCommon
    - MLKitVision
    - nanopb
    - PromisesObjC
    - RecaptchaInterop

EXTERNAL SOURCES:
  audioplayers_darwin:
    :path: ".symlinks/plugins/audioplayers_darwin/ios"
  fast_contacts:
    :path: ".symlinks/plugins/fast_contacts/ios"
  firebase_auth:
    :path: ".symlinks/plugins/firebase_auth/ios"
  firebase_core:
    :path: ".symlinks/plugins/firebase_core/ios"
  Flutter:
    :path: Flutter
  flutter_facebook_auth:
    :path: ".symlinks/plugins/flutter_facebook_auth/ios"
  flutter_local_notifications:
    :path: ".symlinks/plugins/flutter_local_notifications/ios"
  flutter_secure_storage:
    :path: ".symlinks/plugins/flutter_secure_storage/ios"
  flutter_timezone:
    :path: ".symlinks/plugins/flutter_timezone/ios"
  google_sign_in_ios:
    :path: ".symlinks/plugins/google_sign_in_ios/darwin"
  integration_test:
    :path: ".symlinks/plugins/integration_test/ios"
  mobile_scanner:
    :path: ".symlinks/plugins/mobile_scanner/ios"
  package_info_plus:
    :path: ".symlinks/plugins/package_info_plus/ios"
  path_provider_foundation:
    :path: ".symlinks/plugins/path_provider_foundation/darwin"
  permission_handler_apple:
    :path: ".symlinks/plugins/permission_handler_apple/ios"
  shared_preferences_foundation:
    :path: ".symlinks/plugins/shared_preferences_foundation/darwin"
  sign_in_with_apple:
    :path: ".symlinks/plugins/sign_in_with_apple/ios"
  sqflite_darwin:
    :path: ".symlinks/plugins/sqflite_darwin/darwin"
  url_launcher_ios:
    :path: ".symlinks/plugins/url_launcher_ios/ios"
  wakelock_plus:
    :path: ".symlinks/plugins/wakelock_plus/ios"

SPEC CHECKSUMS:
  AppAuth: d4f13a8fe0baf391b2108511793e4b479691fb73
  audioplayers_darwin: ccf9c770ee768abb07e26d90af093f7bab1c12ab
  fast_contacts: dd81973c756255b622b9f272a8432ba230bcf13d
  FBAEMKit: cb719c53575a3be86ea873279f30d6a2c4e15881
  FBSDKCoreKit: ecdb980a24633ccb012700299ceb16d0235e14d2
  FBSDKCoreKit_Basics: 045101c4a9ef10c845347424d73a29aae02c3e43
  FBSDKLoginKit: 69eb59b2f839aba635616df6e422acd0ca88030a
  Firebase: a64bf6a8546e6eab54f1c715cd6151f39d2329f4
  firebase_auth: a1aa0a20e8de111be5b9a5a2ba73201877f9f53d
  firebase_core: 3d36094af9b47c46bfb965943413a39eebaca4db
  FirebaseAppCheckInterop: 7bf86d55a2b7e9bd91464120eba3e52e4b63b2e2
  FirebaseAuth: 77e25aa24f3e1c626c5babd3338551fc1669ee0e
  FirebaseAuthInterop: 651756e70d9a0b9160db39ead71fd5507dbb6c84
  FirebaseCore: 3227e35f4197a924206fbcdc0349325baf4f5de4
  FirebaseCoreExtension: 206c1b399f0d103055207c16f299b28e3dbd1949
  FirebaseCoreInternal: d6c17dafc8dc33614733a8b52df78fcb4394c881
  Flutter: e0871f40cf51350855a761d2e70bf5af5b9b5de7
  flutter_facebook_auth: 8a9ad5fbfc25b77e7a53ea8986866950b27edcae
  flutter_local_notifications: 395056b3175ba4f08480a7c5de30cd36d69827e4
  flutter_secure_storage: 1ed9476fba7e7a782b22888f956cce43e2c62f13
  flutter_timezone: 7c838e17ffd4645d261e87037e5bebf6d38fe544
  google_sign_in_ios: 19297361f2c51d7d8ac0201b866ef1fa5d1f94a8
  GoogleDataTransport: aae35b7ea0c09004c3797d53c8c41f66f219d6a7
  GoogleMLKit: eff9e23ec1d90ea4157a1ee2e32a4f610c5b3318
  GoogleSignIn: d4281ab6cf21542b1cfaff85c191f230b399d2db
  GoogleToolboxForMac: d1a2cbf009c453f4d6ded37c105e2f67a32206d8
  GoogleUtilities: 26a3abef001b6533cf678d3eb38fd3f614b7872d
  GTMAppAuth: f69bd07d68cd3b766125f7e072c45d7340dea0de
  GTMSessionFetcher: 5aea5ba6bd522a239e236100971f10cb71b96ab6
  integration_test: 4a889634ef21a45d28d50d622cf412dc6d9f586e
  MLImage: 0ad1c5f50edd027672d8b26b0fee78a8b4a0fc56
  MLKitBarcodeScanning: 0a3064da0a7f49ac24ceb3cb46a5bc67496facd2
  MLKitCommon: 07c2c33ae5640e5380beaaa6e4b9c249a205542d
  MLKitVision: 45e79d68845a2de77e2dd4d7f07947f0ed157b0e
  mobile_scanner: af8f71879eaba2bbcb4d86c6a462c3c0e7f23036
  nanopb: fad817b59e0457d11a5dfbde799381cd727c1275
  package_info_plus: af8e2ca6888548050f16fa2f1938db7b5a5df499
  path_provider_foundation: 080d55be775b7414fd5a5ef3ac137b97b097e564
  permission_handler_apple: 4ed2196e43d0651e8ff7ca3483a069d469701f2d
  PromisesObjC: f5707f49cb48b9636751c5b2e7d227e43fba9f47
  RecaptchaInterop: 7d1a4a01a6b2cb1610a47ef3f85f0c411434cb21
  shared_preferences_foundation: 9e1978ff2562383bd5676f64ec4e9aa8fa06a6f7
  sign_in_with_apple: c5dcc141574c8c54d5ac99dd2163c0c72ad22418
  sqflite_darwin: 20b2a3a3b70e43edae938624ce550a3cbf66a3d0
  url_launcher_ios: 694010445543906933d732453a59da0a173ae33d
  wakelock_plus: 04623e3f525556020ebd4034310f20fe7fda8b49

PODFILE CHECKSUM: 82926438d057306bb9021d8b63af7f8b2a490314

COCOAPODS: 1.16.2
